
Microsoft Visual Studio Solution File, Format Version 12.00
# Visual Studio Version 16
VisualStudioVersion = 16.0.30309.148
MinimumVisualStudioVersion = 10.0.40219.1
Project("{FAE04EC0-301F-11D3-BF4B-00C04F79EFBC}") = "Sunshine", "Sunshine.csproj", "{63FA5F72-ABD1-4EBA-87F4-FA1EC41EEF6C}"
EndProject
Global
	GlobalSection(SolutionConfigurationPlatforms) = preSolution
		Debug|Any CPU = Debug|Any CPU
		Release|Any CPU = Release|Any CPU
	EndGlobalSection
	GlobalSection(ProjectConfigurationPlatforms) = postSolution
		{63FA5F72-ABD1-4EBA-87F4-FA1EC41EEF6C}.Debug|Any CPU.ActiveCfg = Debug|Any CPU
		{63FA5F72-ABD1-4EBA-87F4-FA1EC41EEF6C}.Debug|Any CPU.Build.0 = Debug|Any CPU
		{63FA5F72-ABD1-4EBA-87F4-FA1EC41EEF6C}.Release|Any CPU.ActiveCfg = Release|Any CPU
		{63FA5F72-ABD1-4EBA-87F4-FA1EC41EEF6C}.Release|Any CPU.Build.0 = Release|Any CPU
	EndGlobalSection
	GlobalSection(SolutionProperties) = preSolution
		HideSolutionNode = FALSE
	EndGlobalSection
	GlobalSection(ExtensibilityGlobals) = postSolution
		SolutionGuid = {33966D29-C299-41B5-B880-2FB7F244B0A6}
	EndGlobalSection
EndGlobal
